
Microsoft Visual Studio Solution File, Format Version 12.00
# Visual Studio Version 17
VisualStudioVersion = 17.5.33516.290
MinimumVisualStudioVersion = 10.0.40219.1
Project("{FAE04EC0-301F-11D3-BF4B-00C04F79EFBC}") = "Metoder", "Metoder.csproj", "{567F2557-AC2A-480A-9C5B-433C9C01EEB1}"
EndProject
Global
	GlobalSection(SolutionConfigurationPlatforms) = preSolution
		Debug|Any CPU = Debug|Any CPU
		Release|Any CPU = Release|Any CPU
	EndGlobalSection
	GlobalSection(ProjectConfigurationPlatforms) = postSolution
		{567F2557-AC2A-480A-9C5B-433C9C01EEB1}.Debug|Any CPU.ActiveCfg = Debug|Any CPU
		{567F2557-AC2A-480A-9C5B-433C9C01EEB1}.Debug|Any CPU.Build.0 = Debug|Any CPU
		{567F2557-AC2A-480A-9C5B-433C9C01EEB1}.Release|Any CPU.ActiveCfg = Release|Any CPU
		{567F2557-AC2A-480A-9C5B-433C9C01EEB1}.Release|Any CPU.Build.0 = Release|Any CPU
	EndGlobalSection
	GlobalSection(SolutionProperties) = preSolution
		HideSolutionNode = FALSE
	EndGlobalSection
	GlobalSection(ExtensibilityGlobals) = postSolution
		SolutionGuid = {04470C17-98C6-46D0-82C0-A41D93E94BB2}
	EndGlobalSection
EndGlobal
